{
  "name": "color-collection",
  "version": "0.1.0",
  "lockfileVersion": 2,
  "requires": true,
  "packages": {
    "": {
      "name": "color-collection",
      "version": "0.1.0",
      "license": "MIT",
      "devDependencies": {},
      "engines": {
        "inkdrop": "^5.x"
      }
    }
  }
}
